{
  "name": "frontend",
  "version": "0.0.0",
  "lockfileVersion": 3,
  "requires": true,
  "packages": {
    "": {
      "name": "frontend",
      "version": "0.0.0",
      "dependencies": {
        "@fontsource-variable/geist": "^5.2.9",
        "axios": "^1.16.1",
        "class-variance-authority": "^0.7.1",
        "clsx": "^2.1.1",
        "libphonenumber-js": "^1.13.4",
        "lucide-react": "^1.16.0",
        "radix-ui": "^1.4.3",
        "react": "^19.2.6",
        "react-dom": "^19.2.6",
        "react-router-dom": "^7.15.1",
        "shadcn": "^4.8.0",
        "tailwind-merge": "^3.6.0",
        "tw-animate-css": "^1.4.0",
        "xlsx": "^0.18.5",
        "zustand": "^5.0.13"
      },
      "devDependencies": {
        "@eslint/js": "^10.0.1",
        "@tailwindcss/vite": "^4.3.0",
        "@types/node": "^24.12.3",
        "@types/react": "^19.2.14",
        "@types/react-dom": "^19.2.3",
        "@vitejs/plugin-react": "^6.0.1",
        "autoprefixer": "^10.5.0",
        "eslint": "^10.3.0",
        "eslint-plugin-react-hooks": "^7.1.1",
        "eslint-plugin-react-refresh": "^0.5.2",
        "globals": "^17.6.0",
        "postcss": "^8.5.15",
        "tailwindcss": "^4.3.0",
        "typescript": "~6.0.2",
        "typescript-eslint": "^8.59.2",
        "vite": "^8.0.12"
      }
    },
    "../node_modules/.pnpm/@eslint+js@10.0.1_eslint@10.4.0_jiti@2.7.0_/node_modules/@eslint/js": {
      "version": "10.0.1",
      "dev": true,
      "license": "MIT",
      "engines": {
        "node": "^20.19.0 || ^22.13.0 || >=24"
      },
      "funding": {
        "url": "https://eslint.org/donate"
      },
      "peerDependencies": {
        "eslint": "^10.0.0"
      },
      "peerDependenciesMeta": {
        "eslint": {
          "optional": true
        }
      }
    },
    "../node_modules/.pnpm/@fontsource-variable+geist@5.2.9/node_modules/@fontsource-variable/geist": {
      "version": "5.2.9",
      "license": "OFL-1.1",
      "funding": {
        "url": "https://github.com/sponsors/ayuhito"
      }
    },
    "../node_modules/.pnpm/@tailwindcss+vite@4.3.0_vit_ca94ceed5806eac4df9b42b840b433fe/node_modules/@tailwindcss/vite": {
      "version": "4.3.0",
      "dev": true,
      "license": "MIT",
      "dependencies": {
        "@tailwindcss/node": "4.3.0",
        "@tailwindcss/oxide": "4.3.0",
        "tailwindcss": "4.3.0"
      },
      "devDependencies": {
        "@types/node": "^22.19.17",
        "vite": "^8.0.10"
      },
      "peerDependencies": {
        "vite": "^5.2.0 || ^6 || ^7 || ^8"
      }
    },
    "../node_modules/.pnpm/@types+node@24.12.4/node_modules/@types/node": {
      "version": "24.12.4",
      "dev": true,
      "license": "MIT",
      "dependencies": {
        "undici-types": "~7.16.0"
      }
    },
    "../node_modules/.pnpm/@types+react-dom@19.2.3_@types+react@19.2.15/node_modules/@types/react-dom": {
      "version": "19.2.3",
      "dev": true,
      "license": "MIT",
      "peerDependencies": {
        "@types/react": "^19.2.0"
      }
    },
    "../node_modules/.pnpm/@types+react@19.2.15/node_modules/@types/react": {
      "version": "19.2.15",
      "dev": true,
      "license": "MIT",
      "dependencies": {
        "csstype": "^3.2.2"
      }
    },
    "../node_modules/.pnpm/@vitejs+plugin-react@6.0.2__9c01028bb80eaaf44d9f22faf8a91670/node_modules/@vitejs/plugin-react": {
      "version": "6.0.2",
      "dev": true,
      "license": "MIT",
      "dependencies": {
        "@rolldown/pluginutils": "^1.0.0"
      },
      "devDependencies": {
        "@babel/core": "8.0.0-rc.4",
        "@rolldown/plugin-babel": "^0.2.3",
        "@vitejs/react-common": "workspace:*",
        "babel-plugin-react-compiler": "^1.0.0",
        "react": "^19.2.6",
        "react-dom": "^19.2.6",
        "rolldown": "^1.0.0",
        "tsdown": "^0.22.0",
        "vite": "^8.0.11"
      },
      "engines": {
        "node": "^20.19.0 || >=22.12.0"
      },
      "peerDependencies": {
        "@rolldown/plugin-babel": "^0.1.7 || ^0.2.0",
        "babel-plugin-react-compiler": "^1.0.0",
        "vite": "^8.0.0"
      },
      "peerDependenciesMeta": {
        "@rolldown/plugin-babel": {
          "optional": true
        },
        "babel-plugin-react-compiler": {
          "optional": true
        }
      }
    },
    "../node_modules/.pnpm/autoprefixer@10.5.0_postcss@8.5.15/node_modules/autoprefixer": {
      "version": "10.5.0",
      "dev": true,
      "funding": [
        {
          "type": "opencollective",
          "url": "https://opencollective.com/postcss/"
        },
        {
          "type": "tidelift",
          "url": "https://tidelift.com/funding/github/npm/autoprefixer"
        },
        {
          "type": "github",
          "url": "https://github.com/sponsors/ai"
        }
      ],
      "license": "MIT",
      "dependencies": {
        "browserslist": "^4.28.2",
        "caniuse-lite": "^1.0.30001787",
        "fraction.js": "^5.3.4",
        "picocolors": "^1.1.1",
        "postcss-value-parser": "^4.2.0"
      },
      "bin": {
        "autoprefixer": "bin/autoprefixer"
      },
      "engines": {
        "node": "^10 || ^12 || >=14"
      },
      "peerDependencies": {
        "postcss": "^8.1.0"
      }
    },
    "../node_modules/.pnpm/axios@1.16.1/node_modules/axios": {
      "version": "1.16.1",
      "license": "MIT",
      "dependencies": {
        "follow-redirects": "^1.16.0",
        "form-data": "^4.0.5",
        "https-proxy-agent": "^5.0.1",
        "proxy-from-env": "^2.1.0"
      },
      "devDependencies": {
        "@babel/core": "^7.29.0",
        "@babel/preset-env": "^7.29.2",
        "@commitlint/cli": "^20.5.0",
        "@commitlint/config-conventional": "^20.5.0",
        "@eslint/js": "^10.0.1",
        "@rollup/plugin-alias": "^6.0.0",
        "@rollup/plugin-babel": "^7.0.0",
        "@rollup/plugin-commonjs": "^29.0.2",
        "@rollup/plugin-json": "^6.1.0",
        "@rollup/plugin-node-resolve": "^16.0.3",
        "@rollup/plugin-terser": "^1.0.0",
        "@vitest/browser": "^4.1.5",
        "@vitest/browser-playwright": "^4.1.5",
        "abortcontroller-polyfill": "^1.7.8",
        "acorn": "^8.16.0",
        "body-parser": "^2.2.2",
        "chalk": "^5.6.2",
        "cross-env": "^10.1.0",
        "dev-null": "^0.1.1",
        "eslint": "^10.2.1",
        "express": "^5.2.1",
        "formdata-node": "^6.0.3",
        "formidable": "^3.5.4",
        "fs-extra": "^11.3.4",
        "get-stream": "^9.0.1",
        "globals": "^17.5.0",
        "gulp": "^5.0.1",
        "husky": "^9.1.7",
        "lint-staged": "^16.4.0",
        "minimist": "^1.2.8",
        "multer": "^2.1.1",
        "playwright": "^1.59.1",
        "prettier": "^3.8.3",
        "rollup": "^4.60.2",
        "rollup-plugin-bundle-size": "^1.0.3",
        "selfsigned": "^5.5.0",
        "stream-throttle": "^0.1.3",
        "typescript": "^5.9.3",
        "vitest": "^4.1.5"
      }
    },
    "../node_modules/.pnpm/class-variance-authority@0.7.1/node_modules/class-variance-authority": {
      "version": "0.7.1",
      "license": "Apache-2.0",
      "dependencies": {
        "clsx": "^2.1.1"
      },
      "devDependencies": {
        "@swc/cli": "0.3.12",
        "@swc/core": "1.4.16",
        "@types/node": "20.12.7",
        "@types/react": "18.2.79",
        "@types/react-dom": "18.2.25",
        "bundlesize": "0.18.2",
        "npm-run-all": "4.1.5",
        "react": "18.2.0",
        "react-dom": "18.2.0",
        "ts-node": "10.9.2",
        "typescript": "5.4.5"
      },
      "funding": {
        "url": "https://polar.sh/cva"
      }
    },
    "../node_modules/.pnpm/clsx@2.1.1/node_modules/clsx": {
      "version": "2.1.1",
      "license": "MIT",
      "devDependencies": {
        "esm": "3.2.25",
        "terser": "4.8.0",
        "uvu": "0.5.4"
      },
      "engines": {
        "node": ">=6"
      }
    },
    "../node_modules/.pnpm/eslint-plugin-react-hooks@7.1.1_eslint@10.4.0_jiti@2.7.0_/node_modules/eslint-plugin-react-hooks": {
      "version": "7.1.1",
      "dev": true,
      "license": "MIT",
      "dependencies": {
        "@babel/core": "^7.24.4",
        "@babel/parser": "^7.24.4",
        "hermes-parser": "^0.25.1",
        "zod": "^3.25.0 || ^4.0.0",
        "zod-validation-error": "^3.5.0 || ^4.0.0"
      },
      "devDependencies": {
        "@babel/eslint-parser": "^7.11.4",
        "@babel/preset-typescript": "^7.26.0",
        "@babel/types": "^7.19.0",
        "@tsconfig/strictest": "^2.0.5",
        "@types/eslint": "^9.6.1",
        "@types/estree": "^1.0.6",
        "@types/estree-jsx": "^1.0.5",
        "@types/node": "^20.2.5",
        "@typescript-eslint/parser-v2": "npm:@typescript-eslint/parser@^2.26.0",
        "@typescript-eslint/parser-v3": "npm:@typescript-eslint/parser@^3.10.0",
        "@typescript-eslint/parser-v4": "npm:@typescript-eslint/parser@^4.1.0",
        "@typescript-eslint/parser-v5": "npm:@typescript-eslint/parser@^5.62.0",
        "babel-eslint": "^10.0.3",
        "eslint-v7": "npm:eslint@^7.7.0",
        "eslint-v8": "npm:eslint@^8.57.1",
        "eslint-v9": "npm:eslint@^9.0.0",
        "jest": "^29.5.0",
        "typescript": "^5.4.3"
      },
      "engines": {
        "node": ">=18"
      },
      "peerDependencies": {
        "eslint": "^3.0.0 || ^4.0.0 || ^5.0.0 || ^6.0.0 || ^7.0.0 || ^8.0.0-0 || ^9.0.0 || ^10.0.0"
      }
    },
    "../node_modules/.pnpm/eslint-plugin-react-refresh@0.5.2_eslint@10.4.0_jiti@2.7.0_/node_modules/eslint-plugin-react-refresh": {
      "version": "0.5.2",
      "dev": true,
      "license": "MIT",
      "peerDependencies": {
        "eslint": "^9 || ^10"
      }
    },
    "../node_modules/.pnpm/eslint@10.4.0_jiti@2.7.0/node_modules/eslint": {
      "version": "10.4.0",
      "dev": true,
      "license": "MIT",
      "dependencies": {
        "@eslint-community/eslint-utils": "^4.8.0",
        "@eslint-community/regexpp": "^4.12.2",
        "@eslint/config-array": "^0.23.5",
        "@eslint/config-helpers": "^0.6.0",
        "@eslint/core": "^1.2.1",
        "@eslint/plugin-kit": "^0.7.1",
        "@humanfs/node": "^0.16.6",
        "@humanwhocodes/module-importer": "^1.0.1",
        "@humanwhocodes/retry": "^0.4.2",
        "@types/estree": "^1.0.6",
        "ajv": "^6.14.0",
        "cross-spawn": "^7.0.6",
        "debug": "^4.3.2",
        "escape-string-regexp": "^4.0.0",
        "eslint-scope": "^9.1.2",
        "eslint-visitor-keys": "^5.0.1",
        "espree": "^11.2.0",
        "esquery": "^1.7.0",
        "esutils": "^2.0.2",
        "fast-deep-equal": "^3.1.3",
        "file-entry-cache": "^8.0.0",
        "find-up": "^5.0.0",
        "glob-parent": "^6.0.2",
        "ignore": "^5.2.0",
        "imurmurhash": "^0.1.4",
        "is-glob": "^4.0.0",
        "json-stable-stringify-without-jsonify": "^1.0.1",
        "minimatch": "^10.2.4",
        "natural-compare": "^1.4.0",
        "optionator": "^0.9.3"
      },
      "bin": {
        "eslint": "bin/eslint.js"
      },
      "devDependencies": {
        "@arethetypeswrong/cli": "^0.18.0",
        "@babel/core": "^7.4.3",
        "@babel/preset-env": "^7.4.3",
        "@cypress/webpack-preprocessor": "^6.0.2",
        "@eslint/eslintrc": "^3.3.5",
        "@eslint/json": "^1.2.0",
        "@types/esquery": "^1.5.4",
        "@types/node": "^22.13.14",
        "@typescript-eslint/parser": "^8.58.2",
        "babel-loader": "^8.0.5",
        "c8": "^11.0.0",
        "chai": "^4.0.1",
        "cheerio": "^0.22.0",
        "common-tags": "^1.8.0",
        "core-js": "^3.1.3",
        "cypress": "^14.1.0",
        "ejs": "^3.0.2",
        "eslint": "file:.",
        "eslint-config-eslint": "file:packages/eslint-config-eslint",
        "eslint-plugin-eslint-plugin": "^7.3.2",
        "eslint-plugin-expect-type": "^0.6.0",
        "eslint-plugin-yml": "^1.14.0",
        "eslint-release": "^3.3.0",
        "eslint-rule-extender": "^0.0.1",
        "eslump": "^3.0.0",
        "esprima": "^4.0.1",
        "fs-teardown": "^0.1.3",
        "glob": "^10.0.0",
        "globals": "^16.2.0",
        "got": "^11.8.3",
        "gray-matter": "^4.0.3",
        "jiti": "^2.6.1",
        "knip": "^6.13.1",
        "lint-staged": "^11.0.0",
        "markdown-it": "^12.2.0",
        "markdown-it-container": "^3.0.0",
        "markdownlint-cli2": "^0.22.0",
        "marked": "^4.0.8",
        "metascraper": "^5.25.7",
        "metascraper-description": "^5.25.7",
        "metascraper-image": "^5.29.3",
        "metascraper-logo": "^5.25.7",
        "metascraper-logo-favicon": "^5.25.7",
        "metascraper-title": "^5.25.7",
        "mocha": "^11.7.1",
        "node-polyfill-webpack-plugin": "^1.0.3",
        "npm-license": "^0.3.3",
        "prettier": "3.8.3",
        "progress": "^2.0.3",
        "proxyquire": "^2.0.1",
        "regenerator-runtime": "^0.14.0",
        "semver": "^7.5.3",
        "shelljs": "^0.10.0",
        "sinon": "^11.0.0",
        "typescript": "^6.0.3",
        "webpack": "^5.23.0",
        "webpack-cli": "^4.5.0",
        "yorkie": "^2.0.0"
      },
      "engines": {
        "node": "^20.19.0 || ^22.13.0 || >=24"
      },
      "funding": {
        "url": "https://eslint.org/donate"
      },
      "peerDependencies": {
        "jiti": "*"
      },
      "peerDependenciesMeta": {
        "jiti": {
          "optional": true
        }
      }
    },
    "../node_modules/.pnpm/globals@17.6.0/node_modules/globals": {
      "version": "17.6.0",
      "dev": true,
      "license": "MIT",
      "devDependencies": {
        "@vitest/eslint-plugin": "^1.1.44",
        "ava": "^6.3.0",
        "cheerio": "^1.0.0",
        "eslint-plugin-jest": "^28.11.0",
        "get-port": "^7.1.0",
        "is-identifier": "^1.0.1",
        "nano-spawn": "^0.2.0",
        "npm-run-all2": "^8.0.1",
        "outdent": "^0.8.0",
        "puppeteer": "^24.42.0",
        "shelljs": "^0.9.2",
        "tsd": "^0.32.0",
        "type-fest": "^4.41.0",
        "xo": "^0.60.0"
      },
      "engines": {
        "node": ">=18"
      },
      "funding": {
        "url": "https://github.com/sponsors/sindresorhus"
      }
    },
    "../node_modules/.pnpm/lucide-react@1.16.0_react@19.2.6/node_modules/lucide-react": {
      "version": "1.16.0",
      "license": "ISC",
      "devDependencies": {
        "@lucide/build-icons": "1.1.0",
        "@lucide/rollup-plugins": "1.0.0",
        "@lucide/shared": "1.0.0",
        "@testing-library/jest-dom": "^6.8.0",
        "@testing-library/react": "^14.1.2",
        "@types/react": "^18.2.37",
        "@vitejs/plugin-react": "^4.6.0",
        "jest-serializer-html": "^7.1.0",
        "react": "18.2.0",
        "react-dom": "18.2.0",
        "rollup": "^4.59.0",
        "rollup-plugin-dts": "^6.2.3",
        "rollup-plugin-preserve-directives": "^0.4.0",
        "typescript": "^5.8.3",
        "vite": "^7.2.4"
      },
      "peerDependencies": {
        "react": "^16.5.1 || ^17.0.0 || ^18.0.0 || ^19.0.0"
      }
    },
    "../node_modules/.pnpm/postcss@8.5.15/node_modules/postcss": {
      "version": "8.5.15",
      "dev": true,
      "funding": [
        {
          "type": "opencollective",
          "url": "https://opencollective.com/postcss/"
        },
        {
          "type": "tidelift",
          "url": "https://tidelift.com/funding/github/npm/postcss"
        },
        {
          "type": "github",
          "url": "https://github.com/sponsors/ai"
        }
      ],
      "license": "MIT",
      "dependencies": {
        "nanoid": "^3.3.12",
        "picocolors": "^1.1.1",
        "source-map-js": "^1.2.1"
      },
      "engines": {
        "node": "^10 || ^12 || >=14"
      }
    },
    "../node_modules/.pnpm/radix-ui@1.4.3_@types+react_d72a372e747087422d3b559b17facc9f/node_modules/radix-ui": {
      "version": "1.4.3",
      "license": "MIT",
      "dependencies": {
        "@radix-ui/primitive": "1.1.3",
        "@radix-ui/react-accessible-icon": "1.1.7",
        "@radix-ui/react-accordion": "1.2.12",
        "@radix-ui/react-alert-dialog": "1.1.15",
        "@radix-ui/react-arrow": "1.1.7",
        "@radix-ui/react-aspect-ratio": "1.1.7",
        "@radix-ui/react-avatar": "1.1.10",
        "@radix-ui/react-checkbox": "1.3.3",
        "@radix-ui/react-collapsible": "1.1.12",
        "@radix-ui/react-collection": "1.1.7",
        "@radix-ui/react-compose-refs": "1.1.2",
        "@radix-ui/react-context": "1.1.2",
        "@radix-ui/react-context-menu": "2.2.16",
        "@radix-ui/react-dialog": "1.1.15",
        "@radix-ui/react-direction": "1.1.1",
        "@radix-ui/react-dismissable-layer": "1.1.11",
        "@radix-ui/react-dropdown-menu": "2.1.16",
        "@radix-ui/react-focus-guards": "1.1.3",
        "@radix-ui/react-focus-scope": "1.1.7",
        "@radix-ui/react-form": "0.1.8",
        "@radix-ui/react-hover-card": "1.1.15",
        "@radix-ui/react-label": "2.1.7",
        "@radix-ui/react-menu": "2.1.16",
        "@radix-ui/react-menubar": "1.1.16",
        "@radix-ui/react-navigation-menu": "1.2.14",
        "@radix-ui/react-one-time-password-field": "0.1.8",
        "@radix-ui/react-password-toggle-field": "0.1.3",
        "@radix-ui/react-popover": "1.1.15",
        "@radix-ui/react-popper": "1.2.8",
        "@radix-ui/react-portal": "1.1.9",
        "@radix-ui/react-presence": "1.1.5",
        "@radix-ui/react-primitive": "2.1.3",
        "@radix-ui/react-progress": "1.1.7",
        "@radix-ui/react-radio-group": "1.3.8",
        "@radix-ui/react-roving-focus": "1.1.11",
        "@radix-ui/react-scroll-area": "1.2.10",
        "@radix-ui/react-select": "2.2.6",
        "@radix-ui/react-separator": "1.1.7",
        "@radix-ui/react-slider": "1.3.6",
        "@radix-ui/react-slot": "1.2.3",
        "@radix-ui/react-switch": "1.2.6",
        "@radix-ui/react-tabs": "1.1.13",
        "@radix-ui/react-toast": "1.2.15",
        "@radix-ui/react-toggle": "1.1.10",
        "@radix-ui/react-toggle-group": "1.1.11",
        "@radix-ui/react-toolbar": "1.1.11",
        "@radix-ui/react-tooltip": "1.2.8",
        "@radix-ui/react-use-callback-ref": "1.1.1",
        "@radix-ui/react-use-controllable-state": "1.2.2",
        "@radix-ui/react-use-effect-event": "0.0.2",
        "@radix-ui/react-use-escape-keydown": "1.1.1",
        "@radix-ui/react-use-is-hydrated": "0.1.0",
        "@radix-ui/react-use-layout-effect": "1.1.1",
        "@radix-ui/react-use-size": "1.1.1",
        "@radix-ui/react-visually-hidden": "1.2.3"
      },
      "devDependencies": {
        "@repo/builder": "0.0.0",
        "@repo/eslint-config": "0.0.0",
        "@repo/typescript-config": "0.0.0",
        "@types/react": "^19.0.7",
        "@types/react-dom": "^19.0.3",
        "eslint": "^9.18.0",
        "react": "^19.1.0",
        "react-dom": "^19.1.0",
        "typescript": "^5.7.3"
      },
      "peerDependencies": {
        "@types/react": "*",
        "@types/react-dom": "*",
        "react": "^16.8 || ^17.0 || ^18.0 || ^19.0 || ^19.0.0-rc",
        "react-dom": "^16.8 || ^17.0 || ^18.0 || ^19.0 || ^19.0.0-rc"
      },
      "peerDependenciesMeta": {
        "@types/react": {
          "optional": true
        },
        "@types/react-dom": {
          "optional": true
        }
      }
    },
    "../node_modules/.pnpm/react-dom@19.2.6_react@19.2.6/node_modules/react-dom": {
      "version": "19.2.6",
      "license": "MIT",
      "dependencies": {
        "scheduler": "^0.27.0"
      },
      "peerDependencies": {
        "react": "^19.2.6"
      }
    },
    "../node_modules/.pnpm/react-router-dom@7.15.1_rea_872a4ce6f3a66b3a0f684ac4b13c3b29/node_modules/react-router-dom": {
      "version": "7.15.1",
      "license": "MIT",
      "dependencies": {
        "react-router": "7.15.1"
      },
      "devDependencies": {
        "react": "^19.2.3",
        "react-dom": "^19.2.3",
        "tsup": "^8.3.0",
        "typescript": "^5.4.5",
        "wireit": "0.14.9"
      },
      "engines": {
        "node": ">=20.0.0"
      },
      "peerDependencies": {
        "react": ">=18",
        "react-dom": ">=18"
      }
    },
    "../node_modules/.pnpm/react@19.2.6/node_modules/react": {
      "version": "19.2.6",
      "license": "MIT",
      "engines": {
        "node": ">=0.10.0"
      }
    },
    "../node_modules/.pnpm/shadcn@4.8.0_@types+node@24.12.4_typescript@6.0.3/node_modules/shadcn": {
      "version": "4.8.0",
      "license": "MIT",
      "dependencies": {
        "@babel/core": "^7.28.0",
        "@babel/parser": "^7.28.0",
        "@babel/plugin-transform-typescript": "^7.28.0",
        "@babel/preset-typescript": "^7.27.1",
        "@dotenvx/dotenvx": "^1.48.4",
        "@modelcontextprotocol/sdk": "^1.26.0",
        "@types/validate-npm-package-name": "^4.0.2",
        "browserslist": "^4.26.2",
        "commander": "^14.0.0",
        "cosmiconfig": "^9.0.0",
        "dedent": "^1.6.0",
        "deepmerge": "^4.3.1",
        "diff": "^8.0.2",
        "execa": "^9.6.0",
        "fast-glob": "^3.3.3",
        "fs-extra": "^11.3.1",
        "fuzzysort": "^3.1.0",
        "https-proxy-agent": "^7.0.6",
        "kleur": "^4.1.5",
        "msw": "^2.10.4",
        "node-fetch": "^3.3.2",
        "open": "^11.0.0",
        "ora": "^8.2.0",
        "postcss": "^8.5.6",
        "postcss-selector-parser": "^7.1.0",
        "prompts": "^2.4.2",
        "recast": "^0.23.11",
        "stringify-object": "^5.0.0",
        "tailwind-merge": "^3.0.1",
        "ts-morph": "^26.0.0",
        "tsconfig-paths": "^4.2.0",
        "validate-npm-package-name": "^7.0.1",
        "zod": "^3.24.1",
        "zod-to-json-schema": "^3.24.6"
      },
      "bin": {
        "shadcn": "dist/index.js"
      },
      "devDependencies": {
        "@antfu/ni": "^25.0.0",
        "@types/babel__core": "^7.20.5",
        "@types/fs-extra": "^11.0.4",
        "@types/prompts": "^2.4.9",
        "@types/stringify-object": "^4.0.5",
        "rimraf": "^6.0.1",
        "tsup": "^8.5.0",
        "type-fest": "^4.41.0",
        "typescript": "^5.9.2"
      }
    },
    "../node_modules/.pnpm/tailwind-merge@3.6.0/node_modules/tailwind-merge": {
      "version": "3.6.0",
      "license": "MIT",
      "devDependencies": {
        "@babel/core": "^7.29.0",
        "@babel/preset-env": "^7.29.3",
        "@codspeed/vitest-plugin": "^5.4.0",
        "@rollup/plugin-babel": "^7.0.0",
        "@rollup/plugin-node-resolve": "^16.0.3",
        "@rollup/plugin-typescript": "^12.3.0",
        "@types/node": "^24.12.2",
        "@vitest/coverage-v8": "^4.1.5",
        "@vitest/eslint-plugin": "^1.6.16",
        "babel-plugin-annotate-pure-calls": "^0.5.0",
        "babel-plugin-polyfill-regenerator": "^0.6.8",
        "eslint": "^9.39.4",
        "eslint-plugin-import": "^2.32.0",
        "globby": "^16.2.0",
        "prettier": "^3.8.3",
        "rollup": "^4.60.2",
        "rollup-plugin-delete": "^3.0.2",
        "rollup-plugin-dts": "^6.4.1",
        "tslib": "^2.8.1",
        "typescript": "^5.9.3",
        "typescript-eslint": "^8.59.1",
        "vitest": "^4.1.5",
        "zx": "^8.8.5"
      },
      "funding": {
        "type": "github",
        "url": "https://github.com/sponsors/dcastil"
      }
    },
    "../node_modules/.pnpm/tailwindcss@4.3.0/node_modules/tailwindcss": {
      "version": "4.3.0",
      "dev": true,
      "license": "MIT",
      "devDependencies": {
        "@jridgewell/remapping": "^2.3.5",
        "@tailwindcss/oxide": "^4.3.0",
        "@types/node": "^22.19.17",
        "dedent": "1.7.2",
        "lightningcss": "1.32.0",
        "magic-string": "^0.30.21",
        "source-map-js": "^1.2.1"
      }
    },
    "../node_modules/.pnpm/tw-animate-css@1.4.0/node_modules/tw-animate-css": {
      "version": "1.4.0",
      "license": "MIT",
      "devDependencies": {
        "@commitlint/cli": "^19.8.1",
        "@commitlint/config-conventional": "^19.8.1",
        "@types/node": "^24.5.2",
        "lint-staged": "^16.2.0",
        "prettier": "^3.6.2",
        "simple-git-hooks": "^2.13.1",
        "sort-package-json": "^3.4.0"
      },
      "funding": {
        "url": "https://github.com/sponsors/Wombosvideo"
      }
    },
    "../node_modules/.pnpm/typescript-eslint@8.60.0_es_1c87ac63f7adccadde371a5f068604b8/node_modules/typescript-eslint": {
      "version": "8.60.0",
      "dev": true,
      "license": "MIT",
      "dependencies": {
        "@typescript-eslint/eslint-plugin": "8.60.0",
        "@typescript-eslint/parser": "8.60.0",
        "@typescript-eslint/typescript-estree": "8.60.0",
        "@typescript-eslint/utils": "8.60.0"
      },
      "devDependencies": {
        "@vitest/coverage-v8": "^4.0.18",
        "eslint": "^10.0.0",
        "rimraf": "^5.0.10",
        "typescript": ">=4.8.4 <6.1.0",
        "vitest": "^4.0.18"
      },
      "engines": {
        "node": "^18.18.0 || ^20.9.0 || >=21.1.0"
      },
      "funding": {
        "type": "opencollective",
        "url": "https://opencollective.com/typescript-eslint"
      },
      "peerDependencies": {
        "eslint": "^8.57.0 || ^9.0.0 || ^10.0.0",
        "typescript": ">=4.8.4 <6.1.0"
      }
    },
    "../node_modules/.pnpm/typescript@6.0.3/node_modules/typescript": {
      "version": "6.0.3",
      "dev": true,
      "license": "Apache-2.0",
      "bin": {
        "tsc": "bin/tsc",
        "tsserver": "bin/tsserver"
      },
      "devDependencies": {
        "@dprint/formatter": "^0.4.1",
        "@dprint/typescript": "0.93.4",
        "@esfx/canceltoken": "^1.0.0",
        "@eslint/js": "^10.0.1",
        "@octokit/rest": "^22.0.1",
        "@types/chai": "^4.3.20",
        "@types/minimist": "^1.2.5",
        "@types/mocha": "^10.0.10",
        "@types/ms": "^2.1.0",
        "@types/node": "latest",
        "@types/source-map-support": "^0.5.10",
        "@types/which": "^3.0.4",
        "@typescript-eslint/rule-tester": "^8.56.1",
        "@typescript-eslint/type-utils": "^8.56.1",
        "@typescript-eslint/utils": "^8.56.1",
        "azure-devops-node-api": "^15.1.3",
        "c8": "^10.1.3",
        "chai": "^4.5.0",
        "chokidar": "^4.0.3",
        "diff": "^8.0.3",
        "dprint": "^0.49.1",
        "esbuild": "^0.27.3",
        "eslint": "^10.0.2",
        "eslint-plugin-regexp": "^3.0.0",
        "fast-xml-parser": "^5.4.1",
        "glob": "^10.5.0",
        "globals": "^17.4.0",
        "hereby": "^1.12.0",
        "jsonc-parser": "^3.3.1",
        "knip": "^5.85.0",
        "minimist": "^1.2.8",
        "mocha": "^10.8.2",
        "mocha-fivemat-progress-reporter": "^0.1.0",
        "monocart-coverage-reports": "^2.12.9",
        "ms": "^2.1.3",
        "picocolors": "^1.1.1",
        "playwright": "^1.58.2",
        "source-map-support": "^0.5.21",
        "tslib": "^2.8.1",
        "typescript": "^5.9.3",
        "typescript-eslint": "^8.56.1",
        "which": "^3.0.1"
      },
      "engines": {
        "node": ">=14.17"
      }
    },
    "../node_modules/.pnpm/vite@8.0.14_@types+node@24.12.4_jiti@2.7.0/node_modules/vite": {
      "version": "8.0.14",
      "dev": true,
      "license": "MIT",
      "dependencies": {
        "lightningcss": "^1.32.0",
        "picomatch": "^4.0.4",
        "postcss": "^8.5.15",
        "rolldown": "1.0.2",
        "tinyglobby": "^0.2.16"
      },
      "bin": {
        "vite": "bin/vite.js"
      },
      "devDependencies": {
        "@babel/parser": "^7.29.3",
        "@jridgewell/remapping": "^2.3.5",
        "@jridgewell/trace-mapping": "^0.3.31",
        "@polka/compression": "^1.0.0-next.25",
        "@rollup/plugin-alias": "^6.0.0",
        "@rollup/plugin-dynamic-import-vars": "2.1.4",
        "@rollup/pluginutils": "^5.3.0",
        "@types/escape-html": "^1.0.4",
        "@types/pnpapi": "^0.0.5",
        "@vercel/detect-agent": "^1.2.3",
        "@vitejs/devtools": "^0.1.24",
        "@vitest/utils": "4.1.7",
        "artichokie": "^0.4.3",
        "baseline-browser-mapping": "^2.10.31",
        "cac": "^7.0.0",
        "chokidar": "^3.6.0",
        "connect": "^3.7.0",
        "convert-source-map": "^2.0.0",
        "cors": "^2.8.6",
        "cross-spawn": "^7.0.6",
        "dotenv-expand": "^13.0.0",
        "es-module-lexer": "^1.7.0",
        "esbuild": "^0.28.0",
        "escape-html": "^1.0.3",
        "estree-walker": "^3.0.3",
        "etag": "^1.8.1",
        "host-validation-middleware": "^0.1.4",
        "http-proxy-3": "^1.23.2",
        "launch-editor-middleware": "^2.13.2",
        "magic-string": "^0.30.21",
        "mlly": "^1.8.2",
        "mrmime": "^2.0.1",
        "nanoid": "^5.1.11",
        "obug": "^1.0.2",
        "open": "^10.2.0",
        "parse5": "^8.0.1",
        "pathe": "^2.0.3",
        "periscopic": "^4.0.3",
        "picocolors": "^1.1.1",
        "postcss-import": "^16.1.1",
        "postcss-load-config": "^6.0.1",
        "postcss-modules": "^6.0.1",
        "premove": "^4.0.0",
        "resolve.exports": "^2.0.3",
        "rolldown-plugin-dts": "^0.25.1",
        "rollup": "^4.59.0",
        "rollup-plugin-license": "^3.7.1",
        "sass": "^1.99.0",
        "sass-embedded": "^1.99.0",
        "sirv": "^3.0.2",
        "strip-literal": "^3.1.0",
        "terser": "^5.47.1",
        "ufo": "^1.6.4",
        "ws": "^8.20.1"
      },
      "engines": {
        "node": "^20.19.0 || >=22.12.0"
      },
      "funding": {
        "url": "https://github.com/vitejs/vite?sponsor=1"
      },
      "optionalDependencies": {
        "fsevents": "~2.3.3"
      },
      "peerDependencies": {
        "@types/node": "^20.19.0 || >=22.12.0",
        "@vitejs/devtools": "^0.1.18",
        "esbuild": "^0.27.0 || ^0.28.0",
        "jiti": ">=1.21.0",
        "less": "^4.0.0",
        "sass": "^1.70.0",
        "sass-embedded": "^1.70.0",
        "stylus": ">=0.54.8",
        "sugarss": "^5.0.0",
        "terser": "^5.16.0",
        "tsx": "^4.8.1",
        "yaml": "^2.4.2"
      },
      "peerDependenciesMeta": {
        "@types/node": {
          "optional": true
        },
        "@vitejs/devtools": {
          "optional": true
        },
        "esbuild": {
          "optional": true
        },
        "jiti": {
          "optional": true
        },
        "less": {
          "optional": true
        },
        "sass": {
          "optional": true
        },
        "sass-embedded": {
          "optional": true
        },
        "stylus": {
          "optional": true
        },
        "sugarss": {
          "optional": true
        },
        "terser": {
          "optional": true
        },
        "tsx": {
          "optional": true
        },
        "yaml": {
          "optional": true
        }
      }
    },
    "../node_modules/.pnpm/zustand@5.0.13_@types+react_154d3c1fd6b11f38d2101e43ee8d88bf/node_modules/zustand": {
      "version": "5.0.13",
      "license": "MIT",
      "engines": {
        "node": ">=12.20.0"
      },
      "peerDependencies": {
        "@types/react": ">=18.0.0",
        "immer": ">=9.0.6",
        "react": ">=18.0.0",
        "use-sync-external-store": ">=1.2.0"
      },
      "peerDependenciesMeta": {
        "@types/react": {
          "optional": true
        },
        "immer": {
          "optional": true
        },
        "react": {
          "optional": true
        },
        "use-sync-external-store": {
          "optional": true
        }
      }
    },
    "node_modules/@eslint/js": {
      "resolved": "../node_modules/.pnpm/@eslint+js@10.0.1_eslint@10.4.0_jiti@2.7.0_/node_modules/@eslint/js",
      "link": true
    },
    "node_modules/@fontsource-variable/geist": {
      "resolved": "../node_modules/.pnpm/@fontsource-variable+geist@5.2.9/node_modules/@fontsource-variable/geist",
      "link": true
    },
    "node_modules/@tailwindcss/vite": {
      "resolved": "../node_modules/.pnpm/@tailwindcss+vite@4.3.0_vit_ca94ceed5806eac4df9b42b840b433fe/node_modules/@tailwindcss/vite",
      "link": true
    },
    "node_modules/@types/node": {
      "resolved": "../node_modules/.pnpm/@types+node@24.12.4/node_modules/@types/node",
      "link": true
    },
    "node_modules/@types/react": {
      "resolved": "../node_modules/.pnpm/@types+react@19.2.15/node_modules/@types/react",
      "link": true
    },
    "node_modules/@types/react-dom": {
      "resolved": "../node_modules/.pnpm/@types+react-dom@19.2.3_@types+react@19.2.15/node_modules/@types/react-dom",
      "link": true
    },
    "node_modules/@vitejs/plugin-react": {
      "resolved": "../node_modules/.pnpm/@vitejs+plugin-react@6.0.2__9c01028bb80eaaf44d9f22faf8a91670/node_modules/@vitejs/plugin-react",
      "link": true
    },
    "node_modules/adler-32": {
      "version": "1.3.1",
      "resolved": "https://registry.npmjs.org/adler-32/-/adler-32-1.3.1.tgz",
      "integrity": "sha512-ynZ4w/nUUv5rrsR8UUGoe1VC9hZj6V5hU9Qw1HlMDJGEJw5S7TfTErWTjMys6M7vr0YWcPqs3qAr4ss0nDfP+A==",
      "license": "Apache-2.0",
      "engines": {
        "node": ">=0.8"
      }
    },
    "node_modules/autoprefixer": {
      "resolved": "../node_modules/.pnpm/autoprefixer@10.5.0_postcss@8.5.15/node_modules/autoprefixer",
      "link": true
    },
    "node_modules/axios": {
      "resolved": "../node_modules/.pnpm/axios@1.16.1/node_modules/axios",
      "link": true
    },
    "node_modules/cfb": {
      "version": "1.2.2",
      "resolved": "https://registry.npmjs.org/cfb/-/cfb-1.2.2.tgz",
      "integrity": "sha512-KfdUZsSOw19/ObEWasvBP/Ac4reZvAGauZhs6S/gqNhXhI7cKwvlH7ulj+dOEYnca4bm4SGo8C1bTAQvnTjgQA==",
      "license": "Apache-2.0",
      "dependencies": {
        "adler-32": "~1.3.0",
        "crc-32": "~1.2.0"
      },
      "engines": {
        "node": ">=0.8"
      }
    },
    "node_modules/class-variance-authority": {
      "resolved": "../node_modules/.pnpm/class-variance-authority@0.7.1/node_modules/class-variance-authority",
      "link": true
    },
    "node_modules/clsx": {
      "resolved": "../node_modules/.pnpm/clsx@2.1.1/node_modules/clsx",
      "link": true
    },
    "node_modules/codepage": {
      "version": "1.15.0",
      "resolved": "https://registry.npmjs.org/codepage/-/codepage-1.15.0.tgz",
      "integrity": "sha512-3g6NUTPd/YtuuGrhMnOMRjFc+LJw/bnMp3+0r/Wcz3IXUuCosKRJvMphm5+Q+bvTVGcJJuRvVLuYba+WojaFaA==",
      "license": "Apache-2.0",
      "engines": {
        "node": ">=0.8"
      }
    },
    "node_modules/crc-32": {
      "version": "1.2.2",
      "resolved": "https://registry.npmjs.org/crc-32/-/crc-32-1.2.2.tgz",
      "integrity": "sha512-ROmzCKrTnOwybPcJApAA6WBWij23HVfGVNKqqrZpuyZOHqK2CwHSvpGuyt/UNNvaIjEd8X5IFGp4Mh+Ie1IHJQ==",
      "license": "Apache-2.0",
      "bin": {
        "crc32": "bin/crc32.njs"
      },
      "engines": {
        "node": ">=0.8"
      }
    },
    "node_modules/eslint": {
      "resolved": "../node_modules/.pnpm/eslint@10.4.0_jiti@2.7.0/node_modules/eslint",
      "link": true
    },
    "node_modules/eslint-plugin-react-hooks": {
      "resolved": "../node_modules/.pnpm/eslint-plugin-react-hooks@7.1.1_eslint@10.4.0_jiti@2.7.0_/node_modules/eslint-plugin-react-hooks",
      "link": true
    },
    "node_modules/eslint-plugin-react-refresh": {
      "resolved": "../node_modules/.pnpm/eslint-plugin-react-refresh@0.5.2_eslint@10.4.0_jiti@2.7.0_/node_modules/eslint-plugin-react-refresh",
      "link": true
    },
    "node_modules/frac": {
      "version": "1.1.2",
      "resolved": "https://registry.npmjs.org/frac/-/frac-1.1.2.tgz",
      "integrity": "sha512-w/XBfkibaTl3YDqASwfDUqkna4Z2p9cFSr1aHDt0WoMTECnRfBOv2WArlZILlqgWlmdIlALXGpM2AOhEk5W3IA==",
      "license": "Apache-2.0",
      "engines": {
        "node": ">=0.8"
      }
    },
    "node_modules/globals": {
      "resolved": "../node_modules/.pnpm/globals@17.6.0/node_modules/globals",
      "link": true
    },
    "node_modules/libphonenumber-js": {
      "version": "1.13.4",
      "resolved": "https://registry.npmjs.org/libphonenumber-js/-/libphonenumber-js-1.13.4.tgz",
      "integrity": "sha512-/lhWr7vq8foWN9Apksnd9v8/cfwzW6g6qKOCo25XBGkNaVCHucXO57hLy4CWHGvytvLz6Nt3J5Gs8p3jlCGFXA==",
      "license": "MIT"
    },
    "node_modules/lucide-react": {
      "resolved": "../node_modules/.pnpm/lucide-react@1.16.0_react@19.2.6/node_modules/lucide-react",
      "link": true
    },
    "node_modules/postcss": {
      "resolved": "../node_modules/.pnpm/postcss@8.5.15/node_modules/postcss",
      "link": true
    },
    "node_modules/radix-ui": {
      "resolved": "../node_modules/.pnpm/radix-ui@1.4.3_@types+react_d72a372e747087422d3b559b17facc9f/node_modules/radix-ui",
      "link": true
    },
    "node_modules/react": {
      "resolved": "../node_modules/.pnpm/react@19.2.6/node_modules/react",
      "link": true
    },
    "node_modules/react-dom": {
      "resolved": "../node_modules/.pnpm/react-dom@19.2.6_react@19.2.6/node_modules/react-dom",
      "link": true
    },
    "node_modules/react-router-dom": {
      "resolved": "../node_modules/.pnpm/react-router-dom@7.15.1_rea_872a4ce6f3a66b3a0f684ac4b13c3b29/node_modules/react-router-dom",
      "link": true
    },
    "node_modules/shadcn": {
      "resolved": "../node_modules/.pnpm/shadcn@4.8.0_@types+node@24.12.4_typescript@6.0.3/node_modules/shadcn",
      "link": true
    },
    "node_modules/ssf": {
      "version": "0.11.2",
      "resolved": "https://registry.npmjs.org/ssf/-/ssf-0.11.2.tgz",
      "integrity": "sha512-+idbmIXoYET47hH+d7dfm2epdOMUDjqcB4648sTZ+t2JwoyBFL/insLfB/racrDmsKB3diwsDA696pZMieAC5g==",
      "license": "Apache-2.0",
      "dependencies": {
        "frac": "~1.1.2"
      },
      "engines": {
        "node": ">=0.8"
      }
    },
    "node_modules/tailwind-merge": {
      "resolved": "../node_modules/.pnpm/tailwind-merge@3.6.0/node_modules/tailwind-merge",
      "link": true
    },
    "node_modules/tailwindcss": {
      "resolved": "../node_modules/.pnpm/tailwindcss@4.3.0/node_modules/tailwindcss",
      "link": true
    },
    "node_modules/tw-animate-css": {
      "resolved": "../node_modules/.pnpm/tw-animate-css@1.4.0/node_modules/tw-animate-css",
      "link": true
    },
    "node_modules/typescript": {
      "resolved": "../node_modules/.pnpm/typescript@6.0.3/node_modules/typescript",
      "link": true
    },
    "node_modules/typescript-eslint": {
      "resolved": "../node_modules/.pnpm/typescript-eslint@8.60.0_es_1c87ac63f7adccadde371a5f068604b8/node_modules/typescript-eslint",
      "link": true
    },
    "node_modules/vite": {
      "resolved": "../node_modules/.pnpm/vite@8.0.14_@types+node@24.12.4_jiti@2.7.0/node_modules/vite",
      "link": true
    },
    "node_modules/wmf": {
      "version": "1.0.2",
      "resolved": "https://registry.npmjs.org/wmf/-/wmf-1.0.2.tgz",
      "integrity": "sha512-/p9K7bEh0Dj6WbXg4JG0xvLQmIadrner1bi45VMJTfnbVHsc7yIajZyoSoK60/dtVBs12Fm6WkUI5/3WAVsNMw==",
      "license": "Apache-2.0",
      "engines": {
        "node": ">=0.8"
      }
    },
    "node_modules/word": {
      "version": "0.3.0",
      "resolved": "https://registry.npmjs.org/word/-/word-0.3.0.tgz",
      "integrity": "sha512-OELeY0Q61OXpdUfTp+oweA/vtLVg5VDOXh+3he3PNzLGG/y0oylSOC1xRVj0+l4vQ3tj/bB1HVHv1ocXkQceFA==",
      "license": "Apache-2.0",
      "engines": {
        "node": ">=0.8"
      }
    },
    "node_modules/xlsx": {
      "version": "0.18.5",
      "resolved": "https://registry.npmjs.org/xlsx/-/xlsx-0.18.5.tgz",
      "integrity": "sha512-dmg3LCjBPHZnQp5/F/+nnTa+miPJxUXB6vtk42YjBBKayDNagxGEeIdWApkYPOf3Z3pm3k62Knjzp7lMeTEtFQ==",
      "license": "Apache-2.0",
      "dependencies": {
        "adler-32": "~1.3.0",
        "cfb": "~1.2.1",
        "codepage": "~1.15.0",
        "crc-32": "~1.2.1",
        "ssf": "~0.11.2",
        "wmf": "~1.0.1",
        "word": "~0.3.0"
      },
      "bin": {
        "xlsx": "bin/xlsx.njs"
      },
      "engines": {
        "node": ">=0.8"
      }
    },
    "node_modules/zustand": {
      "resolved": "../node_modules/.pnpm/zustand@5.0.13_@types+react_154d3c1fd6b11f38d2101e43ee8d88bf/node_modules/zustand",
      "link": true
    }
  }
}
